
Microsoft Visual Studio Solution File, Format Version 12.00
# Visual Studio Version 16
VisualStudioVersion = 16.0.31402.337
MinimumVisualStudioVersion = 10.0.40219.1
Project("{FAE04EC0-301F-11D3-BF4B-00C04F79EFBC}") = "scaffold4", "scaffold4\scaffold4.csproj", "{A8291532-43E3-4E86-B8F7-F88657C6412A}"
EndProject
Global
	GlobalSection(SolutionConfigurationPlatforms) = preSolution
		Debug|Any CPU = Debug|Any CPU
		Release|Any CPU = Release|Any CPU
	EndGlobalSection
	GlobalSection(ProjectConfigurationPlatforms) = postSolution
		{A8291532-43E3-4E86-B8F7-F88657C6412A}.Debug|Any CPU.ActiveCfg = Debug|Any CPU
		{A8291532-43E3-4E86-B8F7-F88657C6412A}.Debug|Any CPU.Build.0 = Debug|Any CPU
		{A8291532-43E3-4E86-B8F7-F88657C6412A}.Release|Any CPU.ActiveCfg = Release|Any CPU
		{A8291532-43E3-4E86-B8F7-F88657C6412A}.Release|Any CPU.Build.0 = Release|Any CPU
	EndGlobalSection
	GlobalSection(SolutionProperties) = preSolution
		HideSolutionNode = FALSE
	EndGlobalSection
	GlobalSection(ExtensibilityGlobals) = postSolution
		SolutionGuid = {1712BE0D-EF32-493D-B63A-DCA06BE2D466}
	EndGlobalSection
EndGlobal
